{
  "requires": true,
  "lockfileVersion": 1,
  "dependencies": {
    "lax.js": {
      "version": "1.0.4",
      "resolved": "https://registry.npmjs.org/lax.js/-/lax.js-1.0.4.tgz",
      "integrity": "sha512-m1CxuN+puW8ecFAyVF+F9xN69uc+JZXxXK4Xf0EAyKk8xPqIYYySxtg0Noe07a3SsfeTE9rl06OBvjZ3XuY6Tw=="
    }
  }
}
